
Microsoft Visual Studio Solution File, Format Version 12.00
# Visual Studio 15
VisualStudioVersion = 15.0.28307.271
MinimumVisualStudioVersion = 10.0.40219.1
Project("{9A19103F-16F7-4668-BE54-9A1E7A4F7556}") = "Ideas.API", "Ideas.API\Ideas.API.csproj", "{03870022-BEE0-4145-9678-DDCDE2A8524C}"
EndProject
Project("{2150E333-8FDC-42A3-9474-1A3956D46DE8}") = "Core", "Core", "{BCCB9E5C-560B-4E03-8016-C45BC2CE3025}"
EndProject
Project("{2150E333-8FDC-42A3-9474-1A3956D46DE8}") = "Test", "Test", "{C2BDBFFE-EBF5-4F83-A54B-2C1278EDA87F}"
EndProject
Project("{9A19103F-16F7-4668-BE54-9A1E7A4F7556}") = "Ideas.Test", "Ideas.Test\Ideas.Test.csproj", "{2F481794-E4AC-4401-BF58-EBDB3ADE4BB5}"
EndProject
Project("{9A19103F-16F7-4668-BE54-9A1E7A4F7556}") = "Ideas.Data", "Core\Ideas.Data\Ideas.Data.csproj", "{4CE86B30-1BF5-45A8-B408-91AD7B38C7A4}"
EndProject
Project("{9A19103F-16F7-4668-BE54-9A1E7A4F7556}") = "Ideas.Models", "Core\Ideas.Models\Ideas.Models.csproj", "{26D68CB1-53A4-4B0E-BB9B-3FEE701A5CDB}"
EndProject
Project("{9A19103F-16F7-4668-BE54-9A1E7A4F7556}") = "Ideas.Services", "Core\Ideas.Services\Ideas.Services.csproj", "{94AFCEF0-888F-4513-B523-DB05FD00F131}"
EndProject
Project("{9A19103F-16F7-4668-BE54-9A1E7A4F7556}") = "Ideas.Common", "Ideas.Common\Ideas.Common.csproj", "{BF85FF9A-B15C-4B72-A3AE-92916C9F2E68}"
EndProject
Global
	GlobalSection(SolutionConfigurationPlatforms) = preSolution
		Debug|Any CPU = Debug|Any CPU
		Release|Any CPU = Release|Any CPU
	EndGlobalSection
	GlobalSection(ProjectConfigurationPlatforms) = postSolution
		{03870022-BEE0-4145-9678-DDCDE2A8524C}.Debug|Any CPU.ActiveCfg = Debug|Any CPU
		{03870022-BEE0-4145-9678-DDCDE2A8524C}.Debug|Any CPU.Build.0 = Debug|Any CPU
		{03870022-BEE0-4145-9678-DDCDE2A8524C}.Release|Any CPU.ActiveCfg = Release|Any CPU
		{03870022-BEE0-4145-9678-DDCDE2A8524C}.Release|Any CPU.Build.0 = Release|Any CPU
		{2F481794-E4AC-4401-BF58-EBDB3ADE4BB5}.Debug|Any CPU.ActiveCfg = Debug|Any CPU
		{2F481794-E4AC-4401-BF58-EBDB3ADE4BB5}.Debug|Any CPU.Build.0 = Debug|Any CPU
		{2F481794-E4AC-4401-BF58-EBDB3ADE4BB5}.Release|Any CPU.ActiveCfg = Release|Any CPU
		{2F481794-E4AC-4401-BF58-EBDB3ADE4BB5}.Release|Any CPU.Build.0 = Release|Any CPU
		{4CE86B30-1BF5-45A8-B408-91AD7B38C7A4}.Debug|Any CPU.ActiveCfg = Debug|Any CPU
		{4CE86B30-1BF5-45A8-B408-91AD7B38C7A4}.Debug|Any CPU.Build.0 = Debug|Any CPU
		{4CE86B30-1BF5-45A8-B408-91AD7B38C7A4}.Release|Any CPU.ActiveCfg = Release|Any CPU
		{4CE86B30-1BF5-45A8-B408-91AD7B38C7A4}.Release|Any CPU.Build.0 = Release|Any CPU
		{26D68CB1-53A4-4B0E-BB9B-3FEE701A5CDB}.Debug|Any CPU.ActiveCfg = Debug|Any CPU
		{26D68CB1-53A4-4B0E-BB9B-3FEE701A5CDB}.Debug|Any CPU.Build.0 = Debug|Any CPU
		{26D68CB1-53A4-4B0E-BB9B-3FEE701A5CDB}.Release|Any CPU.ActiveCfg = Release|Any CPU
		{26D68CB1-53A4-4B0E-BB9B-3FEE701A5CDB}.Release|Any CPU.Build.0 = Release|Any CPU
		{94AFCEF0-888F-4513-B523-DB05FD00F131}.Debug|Any CPU.ActiveCfg = Debug|Any CPU
		{94AFCEF0-888F-4513-B523-DB05FD00F131}.Debug|Any CPU.Build.0 = Debug|Any CPU
		{94AFCEF0-888F-4513-B523-DB05FD00F131}.Release|Any CPU.ActiveCfg = Release|Any CPU
		{94AFCEF0-888F-4513-B523-DB05FD00F131}.Release|Any CPU.Build.0 = Release|Any CPU
		{BF85FF9A-B15C-4B72-A3AE-92916C9F2E68}.Debug|Any CPU.ActiveCfg = Debug|Any CPU
		{BF85FF9A-B15C-4B72-A3AE-92916C9F2E68}.Debug|Any CPU.Build.0 = Debug|Any CPU
		{BF85FF9A-B15C-4B72-A3AE-92916C9F2E68}.Release|Any CPU.ActiveCfg = Release|Any CPU
		{BF85FF9A-B15C-4B72-A3AE-92916C9F2E68}.Release|Any CPU.Build.0 = Release|Any CPU
	EndGlobalSection
	GlobalSection(SolutionProperties) = preSolution
		HideSolutionNode = FALSE
	EndGlobalSection
	GlobalSection(NestedProjects) = preSolution
		{2F481794-E4AC-4401-BF58-EBDB3ADE4BB5} = {C2BDBFFE-EBF5-4F83-A54B-2C1278EDA87F}
		{4CE86B30-1BF5-45A8-B408-91AD7B38C7A4} = {BCCB9E5C-560B-4E03-8016-C45BC2CE3025}
		{26D68CB1-53A4-4B0E-BB9B-3FEE701A5CDB} = {BCCB9E5C-560B-4E03-8016-C45BC2CE3025}
		{94AFCEF0-888F-4513-B523-DB05FD00F131} = {BCCB9E5C-560B-4E03-8016-C45BC2CE3025}
		{BF85FF9A-B15C-4B72-A3AE-92916C9F2E68} = {BCCB9E5C-560B-4E03-8016-C45BC2CE3025}
	EndGlobalSection
	GlobalSection(ExtensibilityGlobals) = postSolution
		SolutionGuid = {A0CDA933-CC75-4274-8421-E34B3071CE1E}
	EndGlobalSection
EndGlobal
